
Microsoft Visual Studio Solution File, Format Version 12.00
# Visual Studio Version 16
VisualStudioVersion = 16.0.30204.135
MinimumVisualStudioVersion = 10.0.40219.1
Project("{FAE04EC0-301F-11D3-BF4B-00C04F79EFBC}") = "ATM_Software", "ATM_Software\ATM_Software.csproj", "{93D183AF-A6AA-44D6-BC46-8041530746CC}"
EndProject
Global
	GlobalSection(SolutionConfigurationPlatforms) = preSolution
		Debug|Any CPU = Debug|Any CPU
		Release|Any CPU = Release|Any CPU
	EndGlobalSection
	GlobalSection(ProjectConfigurationPlatforms) = postSolution
		{93D183AF-A6AA-44D6-BC46-8041530746CC}.Debug|Any CPU.ActiveCfg = Debug|Any CPU
		{93D183AF-A6AA-44D6-BC46-8041530746CC}.Debug|Any CPU.Build.0 = Debug|Any CPU
		{93D183AF-A6AA-44D6-BC46-8041530746CC}.Release|Any CPU.ActiveCfg = Release|Any CPU
		{93D183AF-A6AA-44D6-BC46-8041530746CC}.Release|Any CPU.Build.0 = Release|Any CPU
	EndGlobalSection
	GlobalSection(SolutionProperties) = preSolution
		HideSolutionNode = FALSE
	EndGlobalSection
	GlobalSection(ExtensibilityGlobals) = postSolution
		SolutionGuid = {F4DB0CFF-C8D2-49CA-95E2-378A27BDD739}
	EndGlobalSection
EndGlobal
